
Microsoft Visual Studio Solution File, Format Version 12.00
# Visual Studio Version 17
VisualStudioVersion = 17.8.34511.84
MinimumVisualStudioVersion = 10.0.40219.1
Project("{9A19103F-16F7-4668-BE54-9A1E7A4F7556}") = "Mercadinho", "Mercadinho\Mercadinho.csproj", "{EB2E64DF-52A3-43E2-99D7-1D3B2966E525}"
EndProject
Global
	GlobalSection(SolutionConfigurationPlatforms) = preSolution
		Debug|Any CPU = Debug|Any CPU
		Release|Any CPU = Release|Any CPU
	EndGlobalSection
	GlobalSection(ProjectConfigurationPlatforms) = postSolution
		{EB2E64DF-52A3-43E2-99D7-1D3B2966E525}.Debug|Any CPU.ActiveCfg = Debug|Any CPU
		{EB2E64DF-52A3-43E2-99D7-1D3B2966E525}.Debug|Any CPU.Build.0 = Debug|Any CPU
		{EB2E64DF-52A3-43E2-99D7-1D3B2966E525}.Release|Any CPU.ActiveCfg = Release|Any CPU
		{EB2E64DF-52A3-43E2-99D7-1D3B2966E525}.Release|Any CPU.Build.0 = Release|Any CPU
	EndGlobalSection
	GlobalSection(SolutionProperties) = preSolution
		HideSolutionNode = FALSE
	EndGlobalSection
	GlobalSection(ExtensibilityGlobals) = postSolution
		SolutionGuid = {E027E219-5144-46EC-944D-CB1BD049B104}
	EndGlobalSection
EndGlobal
